
Microsoft Visual Studio Solution File, Format Version 10.00
# Visual Studio 2008
Project("{8BC9CEB8-8B4A-11D0-8D11-00A0C91BC942}") = "giflib", "giflib.vcproj", "{9B8C1E4A-D093-4E9E-BA59-233A0BBD764F}"
EndProject
Project("{8BC9CEB8-8B4A-11D0-8D11-00A0C91BC942}") = "giftext", "..\giftext\giftext.vcproj", "{CE135442-4266-450D-9F54-565CE667729A}"
EndProject
Global
	GlobalSection(SolutionConfigurationPlatforms) = preSolution
		Debug|Win32 = Debug|Win32
		Release|Win32 = Release|Win32
	EndGlobalSection
	GlobalSection(ProjectConfigurationPlatforms) = postSolution
		{9B8C1E4A-D093-4E9E-BA59-233A0BBD764F}.Debug|Win32.ActiveCfg = Debug|Win32
		{9B8C1E4A-D093-4E9E-BA59-233A0BBD764F}.Debug|Win32.Build.0 = Debug|Win32
		{9B8C1E4A-D093-4E9E-BA59-233A0BBD764F}.Release|Win32.ActiveCfg = Release|Win32
		{9B8C1E4A-D093-4E9E-BA59-233A0BBD764F}.Release|Win32.Build.0 = Release|Win32
		{CE135442-4266-450D-9F54-565CE667729A}.Debug|Win32.ActiveCfg = Debug|Win32
		{CE135442-4266-450D-9F54-565CE667729A}.Debug|Win32.Build.0 = Debug|Win32
		{CE135442-4266-450D-9F54-565CE667729A}.Release|Win32.ActiveCfg = Release|Win32
		{CE135442-4266-450D-9F54-565CE667729A}.Release|Win32.Build.0 = Release|Win32
	EndGlobalSection
	GlobalSection(SolutionProperties) = preSolution
		HideSolutionNode = FALSE
	EndGlobalSection
EndGlobal
